<?xml version="1.0" encoding="utf-8"?>
<Project ToolsVersion="4.0" xmlns="http://schemas.microsoft.com/developer/msbuild/2003">
  <ItemGroup>
    <ClCompile Include="SListTest.cpp" />
    <ClCompile Include="pch.cpp" />
    <ClCompile Include="Foo.cpp" />
    <ClCompile Include="VectorTest.cpp" />
    <ClCompile Include="HashMapTest.cpp" />
    <ClCompile Include="DatumTest.cpp" />
    <ClCompile Include="ScopeTest.cpp" />
    <ClCompile Include="AttributedTest.cpp" />
    <ClCompile Include="AttributedFoo.cpp" />
    <ClCompile Include="AttributedBar.cpp" />
    <ClCompile Include="Bar.cpp" />
    <ClCompile Include="BarParseHelper.cpp" />
    <ClCompile Include="XmlParseMasterTest.cpp" />
    <ClCompile Include="XmlParseHelperScopeTest.cpp" />
    <ClCompile Include="FactoryTest.cpp" />
    <ClCompile Include="Beep.cpp" />
    <ClCompile Include="EntityTest.cpp" />
    <ClCompile Include="SectorTest.cpp" />
    <ClCompile Include="WorldTest.cpp" />
    <ClCompile Include="GameTest.cpp" />
    <ClCompile Include="XmlParseHelperWorldTest.cpp" />
    <ClCompile Include="ActionTest.cpp" />
    <ClCompile Include="ActionIncrementTest.cpp" />
    <ClCompile Include="ActionCreateActionTest.cpp" />
    <ClCompile Include="ActionDestroyActionTest.cpp" />
    <ClCompile Include="ActionIfTest.cpp" />
    <ClCompile Include="EventTest.cpp" />
    <ClCompile Include="BasicSubscriber.cpp" />
    <ClCompile Include="EventQueueTest.cpp" />
    <ClCompile Include="ActionEventTest.cpp" />
    <ClCompile Include="EventMessageTest.cpp" />
    <ClCompile Include="ReactionAttributedTest.cpp" />
  </ItemGroup>
  <ItemGroup>
    <ClInclude Include="pch.h" />
    <ClInclude Include="Foo.h" />
    <ClInclude Include="AttributedFoo.h" />
    <ClInclude Include="AttributedBar.h" />
    <ClInclude Include="Bar.h" />
    <ClInclude Include="BarParseHelper.h" />
    <ClInclude Include="Beep.h" />
    <ClInclude Include="BasicSubscriber.h" />
  </ItemGroup>
</Project>